
Microsoft Visual Studio Solution File, Format Version 12.00
# Visual Studio Version 17
VisualStudioVersion = 17.7.34031.279
MinimumVisualStudioVersion = 10.0.40219.1
Project("{FAE04EC0-301F-11D3-BF4B-00C04F79EFBC}") = "Flights", "Flights\Flights.csproj", "{4B938E0C-E10B-4B08-82D7-5756F9DC14E7}"
EndProject
Global
	GlobalSection(SolutionConfigurationPlatforms) = preSolution
		Debug|Any CPU = Debug|Any CPU
		Release|Any CPU = Release|Any CPU
	EndGlobalSection
	GlobalSection(ProjectConfigurationPlatforms) = postSolution
		{4B938E0C-E10B-4B08-82D7-5756F9DC14E7}.Debug|Any CPU.ActiveCfg = Debug|Any CPU
		{4B938E0C-E10B-4B08-82D7-5756F9DC14E7}.Debug|Any CPU.Build.0 = Debug|Any CPU
		{4B938E0C-E10B-4B08-82D7-5756F9DC14E7}.Release|Any CPU.ActiveCfg = Release|Any CPU
		{4B938E0C-E10B-4B08-82D7-5756F9DC14E7}.Release|Any CPU.Build.0 = Release|Any CPU
	EndGlobalSection
	GlobalSection(SolutionProperties) = preSolution
		HideSolutionNode = FALSE
	EndGlobalSection
	GlobalSection(ExtensibilityGlobals) = postSolution
		SolutionGuid = {4BC6A5F5-FEB8-4201-BA1D-7176D9F49861}
	EndGlobalSection
EndGlobal
